// !$*UTF8*$!
{
	archiveVersion = 1;
	classes = {
	};
	objectVersion = 55;
	objects = {

/* Begin PBXBuildFile section */
		4123AEE173DACED6F6208B24 /* Pods_Foodiea_FoodieaUITests.framework in Frameworks */ = {isa = PBXBuildFile; fileRef = F861162F6636CE809A90D67C /* Pods_Foodiea_FoodieaUITests.framework */; };
		48F4058873487FB93EB1B408 /* Pods_FoodieaTests.framework in Frameworks */ = {isa = PBXBuildFile; fileRef = 3F9291472E5876A436C4025B /* Pods_FoodieaTests.framework */; };
		833B1A652874F3AC004E9D0C /* AppDelegate.m in Sources */ = {isa = PBXBuildFile; fileRef = 833B1A642874F3AC004E9D0C /* AppDelegate.m */; };
		833B1A682874F3AC004E9D0C /* SceneDelegate.m in Sources */ = {isa = PBXBuildFile; fileRef = 833B1A672874F3AC004E9D0C /* SceneDelegate.m */; };
		833B1A6B2874F3AC004E9D0C /* ViewController.m in Sources */ = {isa = PBXBuildFile; fileRef = 833B1A6A2874F3AC004E9D0C /* ViewController.m */; };
		833B1A6E2874F3AC004E9D0C /* Main.storyboard in Resources */ = {isa = PBXBuildFile; fileRef = 833B1A6C2874F3AC004E9D0C /* Main.storyboard */; };
		833B1A732874F3AD004E9D0C /* LaunchScreen.storyboard in Resources */ = {isa = PBXBuildFile; fileRef = 833B1A712874F3AD004E9D0C /* LaunchScreen.storyboard */; };
		833B1A762874F3AD004E9D0C /* main.m in Sources */ = {isa = PBXBuildFile; fileRef = 833B1A752874F3AD004E9D0C /* main.m */; };
		833B1A802874F3AE004E9D0C /* FoodieaTests.m in Sources */ = {isa = PBXBuildFile; fileRef = 833B1A7F2874F3AE004E9D0C /* FoodieaTests.m */; };
		833B1A8A2874F3AE004E9D0C /* FoodieaUITests.m in Sources */ = {isa = PBXBuildFile; fileRef = 833B1A892874F3AE004E9D0C /* FoodieaUITests.m */; };
		833B1A8C2874F3AE004E9D0C /* FoodieaUITestsLaunchTests.m in Sources */ = {isa = PBXBuildFile; fileRef = 833B1A8B2874F3AE004E9D0C /* FoodieaUITestsLaunchTests.m */; };
		833B1AA12875037E004E9D0C /* LoginViewController.m in Sources */ = {isa = PBXBuildFile; fileRef = 833B1AA02875037E004E9D0C /* LoginViewController.m */; };
		833B1AA4287505FA004E9D0C /* HomeFeedViewController.m in Sources */ = {isa = PBXBuildFile; fileRef = 833B1AA3287505FA004E9D0C /* HomeFeedViewController.m */; };
		833B1AA728750FD0004E9D0C /* ProfileViewController.m in Sources */ = {isa = PBXBuildFile; fileRef = 833B1AA628750FD0004E9D0C /* ProfileViewController.m */; };
		833B1AA9287510A2004E9D0C /* Assets.xcassets in Resources */ = {isa = PBXBuildFile; fileRef = 833B1AA8287510A2004E9D0C /* Assets.xcassets */; };
		833B1AAC28751438004E9D0C /* SettingsViewController.m in Sources */ = {isa = PBXBuildFile; fileRef = 833B1AAB28751438004E9D0C /* SettingsViewController.m */; };
		833B1AAF2875F5FB004E9D0C /* ComposeViewController.m in Sources */ = {isa = PBXBuildFile; fileRef = 833B1AAE2875F5FB004E9D0C /* ComposeViewController.m */; };
		83EEF6392878D317006DAA80 /* APIManager.m in Sources */ = {isa = PBXBuildFile; fileRef = 83EEF6382878D317006DAA80 /* APIManager.m */; };
		83EEF642287C9473006DAA80 /* DetailMapViewController.m in Sources */ = {isa = PBXBuildFile; fileRef = 83EEF641287C9473006DAA80 /* DetailMapViewController.m */; };
		83F55710287646E9003D4502 /* Post.m in Sources */ = {isa = PBXBuildFile; fileRef = 83F5570F287646E9003D4502 /* Post.m */; };
		83F55714287651E3003D4502 /* HomeCell.m in Sources */ = {isa = PBXBuildFile; fileRef = 83F55713287651E3003D4502 /* HomeCell.m */; };
		83F55717287750BE003D4502 /* ProfileCell.m in Sources */ = {isa = PBXBuildFile; fileRef = 83F55716287750BE003D4502 /* ProfileCell.m */; };
		9DCB6E9D0799473B1CA7A791 /* Pods_Foodiea.framework in Frameworks */ = {isa = PBXBuildFile; fileRef = 335A887519EBDA38CC57B49A /* Pods_Foodiea.framework */; };
/* End PBXBuildFile section */

/* Begin PBXContainerItemProxy section */
		833B1A7C2874F3AE004E9D0C /* PBXContainerItemProxy */ = {
			isa = PBXContainerItemProxy;
			containerPortal = 833B1A582874F3AC004E9D0C /* Project object */;
			proxyType = 1;
			remoteGlobalIDString = 833B1A5F2874F3AC004E9D0C;
			remoteInfo = Foodiea;
		};
		833B1A862874F3AE004E9D0C /* PBXContainerItemProxy */ = {
			isa = PBXContainerItemProxy;
			containerPortal = 833B1A582874F3AC004E9D0C /* Project object */;
			proxyType = 1;
			remoteGlobalIDString = 833B1A5F2874F3AC004E9D0C;
			remoteInfo = Foodiea;
		};
/* End PBXContainerItemProxy section */

/* Begin PBXFileReference section */
		1DE780AFA328891EAE12D38D /* Pods-FoodieaTests.debug.xcconfig */ = {isa = PBXFileReference; includeInIndex = 1; lastKnownFileType = text.xcconfig; name = "Pods-FoodieaTests.debug.xcconfig"; path = "Target Support Files/Pods-FoodieaTests/Pods-FoodieaTests.debug.xcconfig"; sourceTree = "<group>"; };
		3333358C93A3B3307FCDC053 /* Pods-FoodieaTests.release.xcconfig */ = {isa = PBXFileReference; includeInIndex = 1; lastKnownFileType = text.xcconfig; name = "Pods-FoodieaTests.release.xcconfig"; path = "Target Support Files/Pods-FoodieaTests/Pods-FoodieaTests.release.xcconfig"; sourceTree = "<group>"; };
		335A887519EBDA38CC57B49A /* Pods_Foodiea.framework */ = {isa = PBXFileReference; explicitFileType = wrapper.framework; includeInIndex = 0; path = Pods_Foodiea.framework; sourceTree = BUILT_PRODUCTS_DIR; };
		3F9291472E5876A436C4025B /* Pods_FoodieaTests.framework */ = {isa = PBXFileReference; explicitFileType = wrapper.framework; includeInIndex = 0; path = Pods_FoodieaTests.framework; sourceTree = BUILT_PRODUCTS_DIR; };
		5646AF58FDF83E7A83597CC2 /* Pods-Foodiea-FoodieaUITests.debug.xcconfig */ = {isa = PBXFileReference; includeInIndex = 1; lastKnownFileType = text.xcconfig; name = "Pods-Foodiea-FoodieaUITests.debug.xcconfig"; path = "Target Support Files/Pods-Foodiea-FoodieaUITests/Pods-Foodiea-FoodieaUITests.debug.xcconfig"; sourceTree = "<group>"; };
		833B1A602874F3AC004E9D0C /* Foodiea.app */ = {isa = PBXFileReference; explicitFileType = wrapper.application; includeInIndex = 0; path = Foodiea.app; sourceTree = BUILT_PRODUCTS_DIR; };
		833B1A632874F3AC004E9D0C /* AppDelegate.h */ = {isa = PBXFileReference; lastKnownFileType = sourcecode.c.h; path = AppDelegate.h; sourceTree = "<group>"; };
		833B1A642874F3AC004E9D0C /* AppDelegate.m */ = {isa = PBXFileReference; lastKnownFileType = sourcecode.c.objc; path = AppDelegate.m; sourceTree = "<group>"; };
		833B1A662874F3AC004E9D0C /* SceneDelegate.h */ = {isa = PBXFileReference; lastKnownFileType = sourcecode.c.h; path = SceneDelegate.h; sourceTree = "<group>"; };
		833B1A672874F3AC004E9D0C /* SceneDelegate.m */ = {isa = PBXFileReference; lastKnownFileType = sourcecode.c.objc; path = SceneDelegate.m; sourceTree = "<group>"; };
		833B1A692874F3AC004E9D0C /* ViewController.h */ = {isa = PBXFileReference; lastKnownFileType = sourcecode.c.h; path = ViewController.h; sourceTree = "<group>"; };
		833B1A6A2874F3AC004E9D0C /* ViewController.m */ = {isa = PBXFileReference; lastKnownFileType = sourcecode.c.objc; path = ViewController.m; sourceTree = "<group>"; };
		833B1A6D2874F3AC004E9D0C /* Base */ = {isa = PBXFileReference; lastKnownFileType = file.storyboard; name = Base; path = Base.lproj/Main.storyboard; sourceTree = "<group>"; };
		833B1A722874F3AD004E9D0C /* Base */ = {isa = PBXFileReference; lastKnownFileType = file.storyboard; name = Base; path = Base.lproj/LaunchScreen.storyboard; sourceTree = "<group>"; };
		833B1A742874F3AD004E9D0C /* Info.plist */ = {isa = PBXFileReference; lastKnownFileType = text.plist.xml; path = Info.plist; sourceTree = "<group>"; };
		833B1A752874F3AD004E9D0C /* main.m */ = {isa = PBXFileReference; lastKnownFileType = sourcecode.c.objc; path = main.m; sourceTree = "<group>"; };
		833B1A7B2874F3AE004E9D0C /* FoodieaTests.xctest */ = {isa = PBXFileReference; explicitFileType = wrapper.cfbundle; includeInIndex = 0; path = FoodieaTests.xctest; sourceTree = BUILT_PRODUCTS_DIR; };
		833B1A7F2874F3AE004E9D0C /* FoodieaTests.m */ = {isa = PBXFileReference; lastKnownFileType = sourcecode.c.objc; path = FoodieaTests.m; sourceTree = "<group>"; };
		833B1A852874F3AE004E9D0C /* FoodieaUITests.xctest */ = {isa = PBXFileReference; explicitFileType = wrapper.cfbundle; includeInIndex = 0; path = FoodieaUITests.xctest; sourceTree = BUILT_PRODUCTS_DIR; };
		833B1A892874F3AE004E9D0C /* FoodieaUITests.m */ = {isa = PBXFileReference; lastKnownFileType = sourcecode.c.objc; path = FoodieaUITests.m; sourceTree = "<group>"; };
		833B1A8B2874F3AE004E9D0C /* FoodieaUITestsLaunchTests.m */ = {isa = PBXFileReference; lastKnownFileType = sourcecode.c.objc; path = FoodieaUITestsLaunchTests.m; sourceTree = "<group>"; };
		833B1A9F2875037E004E9D0C /* LoginViewController.h */ = {isa = PBXFileReference; lastKnownFileType = sourcecode.c.h; path = LoginViewController.h; sourceTree = "<group>"; };
		833B1AA02875037E004E9D0C /* LoginViewController.m */ = {isa = PBXFileReference; lastKnownFileType = sourcecode.c.objc; path = LoginViewController.m; sourceTree = "<group>"; };
		833B1AA2287505FA004E9D0C /* HomeFeedViewController.h */ = {isa = PBXFileReference; lastKnownFileType = sourcecode.c.h; path = HomeFeedViewController.h; sourceTree = "<group>"; };
		833B1AA3287505FA004E9D0C /* HomeFeedViewController.m */ = {isa = PBXFileReference; lastKnownFileType = sourcecode.c.objc; path = HomeFeedViewController.m; sourceTree = "<group>"; };
		833B1AA528750FD0004E9D0C /* ProfileViewController.h */ = {isa = PBXFileReference; lastKnownFileType = sourcecode.c.h; path = ProfileViewController.h; sourceTree = "<group>"; };
		833B1AA628750FD0004E9D0C /* ProfileViewController.m */ = {isa = PBXFileReference; lastKnownFileType = sourcecode.c.objc; path = ProfileViewController.m; sourceTree = "<group>"; };
		833B1AA8287510A2004E9D0C /* Assets.xcassets */ = {isa = PBXFileReference; lastKnownFileType = folder.assetcatalog; name = Assets.xcassets; path = ../../../.Trash/Assets.xcassets; sourceTree = "<group>"; };
		833B1AAA28751438004E9D0C /* SettingsViewController.h */ = {isa = PBXFileReference; lastKnownFileType = sourcecode.c.h; path = SettingsViewController.h; sourceTree = "<group>"; };
		833B1AAB28751438004E9D0C /* SettingsViewController.m */ = {isa = PBXFileReference; lastKnownFileType = sourcecode.c.objc; path = SettingsViewController.m; sourceTree = "<group>"; };
		833B1AAD2875F5FB004E9D0C /* ComposeViewController.h */ = {isa = PBXFileReference; lastKnownFileType = sourcecode.c.h; path = ComposeViewController.h; sourceTree = "<group>"; };
		833B1AAE2875F5FB004E9D0C /* ComposeViewController.m */ = {isa = PBXFileReference; lastKnownFileType = sourcecode.c.objc; path = ComposeViewController.m; sourceTree = "<group>"; };
		83EEF6372878D317006DAA80 /* APIManager.h */ = {isa = PBXFileReference; lastKnownFileType = sourcecode.c.h; path = APIManager.h; sourceTree = "<group>"; };
		83EEF6382878D317006DAA80 /* APIManager.m */ = {isa = PBXFileReference; lastKnownFileType = sourcecode.c.objc; path = APIManager.m; sourceTree = "<group>"; };
		83EEF640287C9473006DAA80 /* DetailMapViewController.h */ = {isa = PBXFileReference; lastKnownFileType = sourcecode.c.h; path = DetailMapViewController.h; sourceTree = "<group>"; };
		83EEF641287C9473006DAA80 /* DetailMapViewController.m */ = {isa = PBXFileReference; lastKnownFileType = sourcecode.c.objc; path = DetailMapViewController.m; sourceTree = "<group>"; };
		83F5570E287646E9003D4502 /* Post.h */ = {isa = PBXFileReference; lastKnownFileType = sourcecode.c.h; path = Post.h; sourceTree = "<group>"; };
		83F5570F287646E9003D4502 /* Post.m */ = {isa = PBXFileReference; lastKnownFileType = sourcecode.c.objc; path = Post.m; sourceTree = "<group>"; };
		83F55712287651E3003D4502 /* HomeCell.h */ = {isa = PBXFileReference; lastKnownFileType = sourcecode.c.h; path = HomeCell.h; sourceTree = "<group>"; };
		83F55713287651E3003D4502 /* HomeCell.m */ = {isa = PBXFileReference; lastKnownFileType = sourcecode.c.objc; path = HomeCell.m; sourceTree = "<group>"; };
		83F55715287750BE003D4502 /* ProfileCell.h */ = {isa = PBXFileReference; lastKnownFileType = sourcecode.c.h; path = ProfileCell.h; sourceTree = "<group>"; };
		83F55716287750BE003D4502 /* ProfileCell.m */ = {isa = PBXFileReference; lastKnownFileType = sourcecode.c.objc; path = ProfileCell.m; sourceTree = "<group>"; };
		99554834C50534FAE4D81652 /* Pods-Foodiea-FoodieaUITests.release.xcconfig */ = {isa = PBXFileReference; includeInIndex = 1; lastKnownFileType = text.xcconfig; name = "Pods-Foodiea-FoodieaUITests.release.xcconfig"; path = "Target Support Files/Pods-Foodiea-FoodieaUITests/Pods-Foodiea-FoodieaUITests.release.xcconfig"; sourceTree = "<group>"; };
		A2B6122273843222BED852B6 /* Pods-Foodiea.debug.xcconfig */ = {isa = PBXFileReference; includeInIndex = 1; lastKnownFileType = text.xcconfig; name = "Pods-Foodiea.debug.xcconfig"; path = "Target Support Files/Pods-Foodiea/Pods-Foodiea.debug.xcconfig"; sourceTree = "<group>"; };
		F70655A225379F27EDC5EAF2 /* Pods-Foodiea.release.xcconfig */ = {isa = PBXFileReference; includeInIndex = 1; lastKnownFileType = text.xcconfig; name = "Pods-Foodiea.release.xcconfig"; path = "Target Support Files/Pods-Foodiea/Pods-Foodiea.release.xcconfig"; sourceTree = "<group>"; };
		F861162F6636CE809A90D67C /* Pods_Foodiea_FoodieaUITests.framework */ = {isa = PBXFileReference; explicitFileType = wrapper.framework; includeInIndex = 0; path = Pods_Foodiea_FoodieaUITests.framework; sourceTree = BUILT_PRODUCTS_DIR; };
/* End PBXFileReference section */

/* Begin PBXFrameworksBuildPhase section */
		833B1A5D2874F3AC004E9D0C /* Frameworks */ = {
			isa = PBXFrameworksBuildPhase;
			buildActionMask = 2147483647;
			files = (
				9DCB6E9D0799473B1CA7A791 /* Pods_Foodiea.framework in Frameworks */,
			);
			runOnlyForDeploymentPostprocessing = 0;
		};
		833B1A782874F3AE004E9D0C /* Frameworks */ = {
			isa = PBXFrameworksBuildPhase;
			buildActionMask = 2147483647;
			files = (
				48F4058873487FB93EB1B408 /* Pods_FoodieaTests.framework in Frameworks */,
			);
			runOnlyForDeploymentPostprocessing = 0;
		};
		833B1A822874F3AE004E9D0C /* Frameworks */ = {
			isa = PBXFrameworksBuildPhase;
			buildActionMask = 2147483647;
			files = (
				4123AEE173DACED6F6208B24 /* Pods_Foodiea_FoodieaUITests.framework in Frameworks */,
			);
			runOnlyForDeploymentPostprocessing = 0;
		};
/* End PBXFrameworksBuildPhase section */

/* Begin PBXGroup section */
		0AA612D2A30546CC43F9B6C1 /* Pods */ = {
			isa = PBXGroup;
			children = (
				A2B6122273843222BED852B6 /* Pods-Foodiea.debug.xcconfig */,
				F70655A225379F27EDC5EAF2 /* Pods-Foodiea.release.xcconfig */,
				5646AF58FDF83E7A83597CC2 /* Pods-Foodiea-FoodieaUITests.debug.xcconfig */,
				99554834C50534FAE4D81652 /* Pods-Foodiea-FoodieaUITests.release.xcconfig */,
				1DE780AFA328891EAE12D38D /* Pods-FoodieaTests.debug.xcconfig */,
				3333358C93A3B3307FCDC053 /* Pods-FoodieaTests.release.xcconfig */,
			);
			path = Pods;
			sourceTree = "<group>";
		};
		0F66C1005FF4DA473F0792F9 /* Frameworks */ = {
			isa = PBXGroup;
			children = (
				335A887519EBDA38CC57B49A /* Pods_Foodiea.framework */,
				F861162F6636CE809A90D67C /* Pods_Foodiea_FoodieaUITests.framework */,
				3F9291472E5876A436C4025B /* Pods_FoodieaTests.framework */,
			);
			name = Frameworks;
			sourceTree = "<group>";
		};
		833B1A572874F3AC004E9D0C = {
			isa = PBXGroup;
			children = (
				833B1A622874F3AC004E9D0C /* Foodiea */,
				833B1A7E2874F3AE004E9D0C /* FoodieaTests */,
				833B1A882874F3AE004E9D0C /* FoodieaUITests */,
				833B1A612874F3AC004E9D0C /* Products */,
				0AA612D2A30546CC43F9B6C1 /* Pods */,
				0F66C1005FF4DA473F0792F9 /* Frameworks */,
			);
			sourceTree = "<group>";
		};
		833B1A612874F3AC004E9D0C /* Products */ = {
			isa = PBXGroup;
			children = (
				833B1A602874F3AC004E9D0C /* Foodiea.app */,
				833B1A7B2874F3AE004E9D0C /* FoodieaTests.xctest */,
				833B1A852874F3AE004E9D0C /* FoodieaUITests.xctest */,
			);
			name = Products;
			sourceTree = "<group>";
		};
		833B1A622874F3AC004E9D0C /* Foodiea */ = {
			isa = PBXGroup;
			children = (
				83EEF63E287C9461006DAA80 /* DetailMap */,
				83EEF6362878D13D006DAA80 /* Manager */,
				83EEF6342878D0FB006DAA80 /* Posting */,
				83EEF6332878D0EC006DAA80 /* Login */,
				83EEF62F2878D0A0006DAA80 /* Profile */,
				83EEF62C2878D075006DAA80 /* HomeFeed */,
				83F5570D287646C7003D4502 /* Models */,
				833B1A992874F862004E9D0C /* ViewControllers */,
				833B1A982874F84A004E9D0C /* Delegates */,
				833B1A6C2874F3AC004E9D0C /* Main.storyboard */,
				833B1A712874F3AD004E9D0C /* LaunchScreen.storyboard */,
				833B1A742874F3AD004E9D0C /* Info.plist */,
				833B1AA8287510A2004E9D0C /* Assets.xcassets */,
				833B1A752874F3AD004E9D0C /* main.m */,
			);
			path = Foodiea;
			sourceTree = "<group>";
		};
		833B1A7E2874F3AE004E9D0C /* FoodieaTests */ = {
			isa = PBXGroup;
			children = (
				833B1A7F2874F3AE004E9D0C /* FoodieaTests.m */,
			);
			path = FoodieaTests;
			sourceTree = "<group>";
		};
		833B1A882874F3AE004E9D0C /* FoodieaUITests */ = {
			isa = PBXGroup;
			children = (
				833B1A892874F3AE004E9D0C /* FoodieaUITests.m */,
				833B1A8B2874F3AE004E9D0C /* FoodieaUITestsLaunchTests.m */,
			);
			path = FoodieaUITests;
			sourceTree = "<group>";
		};
		833B1A982874F84A004E9D0C /* Delegates */ = {
			isa = PBXGroup;
			children = (
				833B1A672874F3AC004E9D0C /* SceneDelegate.m */,
				833B1A662874F3AC004E9D0C /* SceneDelegate.h */,
				833B1A642874F3AC004E9D0C /* AppDelegate.m */,
				833B1A632874F3AC004E9D0C /* AppDelegate.h */,
			);
			path = Delegates;
			sourceTree = "<group>";
		};
		833B1A992874F862004E9D0C /* ViewControllers */ = {
			isa = PBXGroup;
			children = (
				833B1A6A2874F3AC004E9D0C /* ViewController.m */,
				833B1A692874F3AC004E9D0C /* ViewController.h */,
			);
			path = ViewControllers;
			sourceTree = "<group>";
		};
		83EEF62C2878D075006DAA80 /* HomeFeed */ = {
			isa = PBXGroup;
			children = (
				83EEF62E2878D088006DAA80 /* VC */,
				83EEF62D2878D07D006DAA80 /* Cells */,
			);
			path = HomeFeed;
			sourceTree = "<group>";
		};
		83EEF62D2878D07D006DAA80 /* Cells */ = {
			isa = PBXGroup;
			children = (
				83F55712287651E3003D4502 /* HomeCell.h */,
				83F55713287651E3003D4502 /* HomeCell.m */,
			);
			path = Cells;
			sourceTree = "<group>";
		};
		83EEF62E2878D088006DAA80 /* VC */ = {
			isa = PBXGroup;
			children = (
				833B1AA2287505FA004E9D0C /* HomeFeedViewController.h */,
				833B1AA3287505FA004E9D0C /* HomeFeedViewController.m */,
			);
			path = VC;
			sourceTree = "<group>";
		};
		83EEF62F2878D0A0006DAA80 /* Profile */ = {
			isa = PBXGroup;
			children = (
				83EEF6322878D0E2006DAA80 /* Settings */,
				83EEF6312878D0CB006DAA80 /* Cell */,
				83EEF6302878D0C0006DAA80 /* VC */,
			);
			path = Profile;
			sourceTree = "<group>";
		};
		83EEF6302878D0C0006DAA80 /* VC */ = {
			isa = PBXGroup;
			children = (
				833B1AA628750FD0004E9D0C /* ProfileViewController.m */,
				833B1AA528750FD0004E9D0C /* ProfileViewController.h */,
			);
			path = VC;
			sourceTree = "<group>";
		};
		83EEF6312878D0CB006DAA80 /* Cell */ = {
			isa = PBXGroup;
			children = (
				83F55715287750BE003D4502 /* ProfileCell.h */,
				83F55716287750BE003D4502 /* ProfileCell.m */,
			);
			path = Cell;
			sourceTree = "<group>";
		};
		83EEF6322878D0E2006DAA80 /* Settings */ = {
			isa = PBXGroup;
			children = (
				833B1AAA28751438004E9D0C /* SettingsViewController.h */,
				833B1AAB28751438004E9D0C /* SettingsViewController.m */,
			);
			path = Settings;
			sourceTree = "<group>";
		};
		83EEF6332878D0EC006DAA80 /* Login */ = {
			isa = PBXGroup;
			children = (
				833B1A9F2875037E004E9D0C /* LoginViewController.h */,
				833B1AA02875037E004E9D0C /* LoginViewController.m */,
			);
			path = Login;
			sourceTree = "<group>";
		};
		83EEF6342878D0FB006DAA80 /* Posting */ = {
			isa = PBXGroup;
			children = (
				83EEF6352878D11E006DAA80 /* VC */,
				83F55711287651CB003D4502 /* Cells */,
			);
			path = Posting;
			sourceTree = "<group>";
		};
		83EEF6352878D11E006DAA80 /* VC */ = {
			isa = PBXGroup;
			children = (
				833B1AAE2875F5FB004E9D0C /* ComposeViewController.m */,
				833B1AAD2875F5FB004E9D0C /* ComposeViewController.h */,
			);
			path = VC;
			sourceTree = "<group>";
		};
		83EEF6362878D13D006DAA80 /* Manager */ = {
			isa = PBXGroup;
			children = (
				83EEF6372878D317006DAA80 /* APIManager.h */,
				83EEF6382878D317006DAA80 /* APIManager.m */,
			);
			path = Manager;
			sourceTree = "<group>";
		};
		83EEF63E287C9461006DAA80 /* DetailMap */ = {
			isa = PBXGroup;
			children = (
				83EEF63F287C9468006DAA80 /* VC */,
			);
			path = DetailMap;
			sourceTree = "<group>";
		};
		83EEF63F287C9468006DAA80 /* VC */ = {
			isa = PBXGroup;
			children = (
				83EEF640287C9473006DAA80 /* DetailMapViewController.h */,
				83EEF641287C9473006DAA80 /* DetailMapViewController.m */,
			);
			path = VC;
			sourceTree = "<group>";
		};
		83F5570D287646C7003D4502 /* Models */ = {
			isa = PBXGroup;
			children = (
				83F5570E287646E9003D4502 /* Post.h */,
				83F5570F287646E9003D4502 /* Post.m */,
			);
			path = Models;
			sourceTree = "<group>";
		};
		83F55711287651CB003D4502 /* Cells */ = {
			isa = PBXGroup;
			children = (
			);
			path = Cells;
			sourceTree = "<group>";
		};
/* End PBXGroup section */

/* Begin PBXNativeTarget section */
		833B1A5F2874F3AC004E9D0C /* Foodiea */ = {
			isa = PBXNativeTarget;
			buildConfigurationList = 833B1A8F2874F3AE004E9D0C /* Build configuration list for PBXNativeTarget "Foodiea" */;
			buildPhases = (
				C44F5307F69E9AEF5FC632DB /* [CP] Check Pods Manifest.lock */,
				833B1A5C2874F3AC004E9D0C /* Sources */,
				833B1A5D2874F3AC004E9D0C /* Frameworks */,
				833B1A5E2874F3AC004E9D0C /* Resources */,
				E3CDD58A6B7A3291CCAA6054 /* [CP] Embed Pods Frameworks */,
			);
			buildRules = (
			);
			dependencies = (
			);
			name = Foodiea;
			productName = Foodiea;
			productReference = 833B1A602874F3AC004E9D0C /* Foodiea.app */;
			productType = "com.apple.product-type.application";
		};
		833B1A7A2874F3AE004E9D0C /* FoodieaTests */ = {
			isa = PBXNativeTarget;
			buildConfigurationList = 833B1A922874F3AE004E9D0C /* Build configuration list for PBXNativeTarget "FoodieaTests" */;
			buildPhases = (
				CE1ABCF2E7C4CFC53CE51B98 /* [CP] Check Pods Manifest.lock */,
				833B1A772874F3AE004E9D0C /* Sources */,
				833B1A782874F3AE004E9D0C /* Frameworks */,
				833B1A792874F3AE004E9D0C /* Resources */,
			);
			buildRules = (
			);
			dependencies = (
				833B1A7D2874F3AE004E9D0C /* PBXTargetDependency */,
			);
			name = FoodieaTests;
			productName = FoodieaTests;
			productReference = 833B1A7B2874F3AE004E9D0C /* FoodieaTests.xctest */;
			productType = "com.apple.product-type.bundle.unit-test";
		};
		833B1A842874F3AE004E9D0C /* FoodieaUITests */ = {
			isa = PBXNativeTarget;
			buildConfigurationList = 833B1A952874F3AE004E9D0C /* Build configuration list for PBXNativeTarget "FoodieaUITests" */;
			buildPhases = (
				863BED2C134767D5823B67C7 /* [CP] Check Pods Manifest.lock */,
				833B1A812874F3AE004E9D0C /* Sources */,
				833B1A822874F3AE004E9D0C /* Frameworks */,
				833B1A832874F3AE004E9D0C /* Resources */,
				013EBC7E629F26553958526D /* [CP] Embed Pods Frameworks */,
			);
			buildRules = (
			);
			dependencies = (
				833B1A872874F3AE004E9D0C /* PBXTargetDependency */,
			);
			name = FoodieaUITests;
			productName = FoodieaUITests;
			productReference = 833B1A852874F3AE004E9D0C /* FoodieaUITests.xctest */;
			productType = "com.apple.product-type.bundle.ui-testing";
		};
/* End PBXNativeTarget section */

/* Begin PBXProject section */
		833B1A582874F3AC004E9D0C /* Project object */ = {
			isa = PBXProject;
			attributes = {
				BuildIndependentTargetsInParallel = 1;
				LastUpgradeCheck = 1340;
				TargetAttributes = {
					833B1A5F2874F3AC004E9D0C = {
						CreatedOnToolsVersion = 13.4;
					};
					833B1A7A2874F3AE004E9D0C = {
						CreatedOnToolsVersion = 13.4;
						TestTargetID = 833B1A5F2874F3AC004E9D0C;
					};
					833B1A842874F3AE004E9D0C = {
						CreatedOnToolsVersion = 13.4;
						TestTargetID = 833B1A5F2874F3AC004E9D0C;
					};
				};
			};
			buildConfigurationList = 833B1A5B2874F3AC004E9D0C /* Build configuration list for PBXProject "Foodiea" */;
			compatibilityVersion = "Xcode 13.0";
			developmentRegion = en;
			hasScannedForEncodings = 0;
			knownRegions = (
				en,
				Base,
			);
			mainGroup = 833B1A572874F3AC004E9D0C;
			productRefGroup = 833B1A612874F3AC004E9D0C /* Products */;
			projectDirPath = "";
			projectRoot = "";
			targets = (
				833B1A5F2874F3AC004E9D0C /* Foodiea */,
				833B1A7A2874F3AE004E9D0C /* FoodieaTests */,
				833B1A842874F3AE004E9D0C /* FoodieaUITests */,
			);
		};
/* End PBXProject section */

/* Begin PBXResourcesBuildPhase section */
		833B1A5E2874F3AC004E9D0C /* Resources */ = {
			isa = PBXResourcesBuildPhase;
			buildActionMask = 2147483647;
			files = (
				833B1A732874F3AD004E9D0C /* LaunchScreen.storyboard in Resources */,
				833B1AA9287510A2004E9D0C /* Assets.xcassets in Resources */,
				833B1A6E2874F3AC004E9D0C /* Main.storyboard in Resources */,
			);
			runOnlyForDeploymentPostprocessing = 0;
		};
		833B1A792874F3AE004E9D0C /* Resources */ = {
			isa = PBXResourcesBuildPhase;
			buildActionMask = 2147483647;
			files = (
			);
			runOnlyForDeploymentPostprocessing = 0;
		};
		833B1A832874F3AE004E9D0C /* Resources */ = {
			isa = PBXResourcesBuildPhase;
			buildActionMask = 2147483647;
			files = (
			);
			runOnlyForDeploymentPostprocessing = 0;
		};
/* End PBXResourcesBuildPhase section */

/* Begin PBXShellScriptBuildPhase section */
		013EBC7E629F26553958526D /* [CP] Embed Pods Frameworks */ = {
			isa = PBXShellScriptBuildPhase;
			buildActionMask = 2147483647;
			files = (
			);
			inputFileListPaths = (
				"${PODS_ROOT}/Target Support Files/Pods-Foodiea-FoodieaUITests/Pods-Foodiea-FoodieaUITests-frameworks-${CONFIGURATION}-input-files.xcfilelist",
			);
			name = "[CP] Embed Pods Frameworks";
			outputFileListPaths = (
				"${PODS_ROOT}/Target Support Files/Pods-Foodiea-FoodieaUITests/Pods-Foodiea-FoodieaUITests-frameworks-${CONFIGURATION}-output-files.xcfilelist",
			);
			runOnlyForDeploymentPostprocessing = 0;
			shellPath = /bin/sh;
			shellScript = "\"${PODS_ROOT}/Target Support Files/Pods-Foodiea-FoodieaUITests/Pods-Foodiea-FoodieaUITests-frameworks.sh\"\n";
			showEnvVarsInLog = 0;
		};
		863BED2C134767D5823B67C7 /* [CP] Check Pods Manifest.lock */ = {
			isa = PBXShellScriptBuildPhase;
			buildActionMask = 2147483647;
			files = (
			);
			inputFileListPaths = (
			);
			inputPaths = (
				"${PODS_PODFILE_DIR_PATH}/Podfile.lock",
				"${PODS_ROOT}/Manifest.lock",
			);
			name = "[CP] Check Pods Manifest.lock";
			outputFileListPaths = (
			);
			outputPaths = (
				"$(DERIVED_FILE_DIR)/Pods-Foodiea-FoodieaUITests-checkManifestLockResult.txt",
			);
			runOnlyForDeploymentPostprocessing = 0;
			shellPath = /bin/sh;
			shellScript = "diff \"${PODS_PODFILE_DIR_PATH}/Podfile.lock\" \"${PODS_ROOT}/Manifest.lock\" > /dev/null\nif [ $? != 0 ] ; then\n    # print error to STDERR\n    echo \"error: The sandbox is not in sync with the Podfile.lock. Run 'pod install' or update your CocoaPods installation.\" >&2\n    exit 1\nfi\n# This output is used by Xcode 'outputs' to avoid re-running this script phase.\necho \"SUCCESS\" > \"${SCRIPT_OUTPUT_FILE_0}\"\n";
			showEnvVarsInLog = 0;
		};
		C44F5307F69E9AEF5FC632DB /* [CP] Check Pods Manifest.lock */ = {
			isa = PBXShellScriptBuildPhase;
			buildActionMask = 2147483647;
			files = (
			);
			inputFileListPaths = (
			);
			inputPaths = (
				"${PODS_PODFILE_DIR_PATH}/Podfile.lock",
				"${PODS_ROOT}/Manifest.lock",
			);
			name = "[CP] Check Pods Manifest.lock";
			outputFileListPaths = (
			);
			outputPaths = (
				"$(DERIVED_FILE_DIR)/Pods-Foodiea-checkManifestLockResult.txt",
			);
			runOnlyForDeploymentPostprocessing = 0;
			shellPath = /bin/sh;
			shellScript = "diff \"${PODS_PODFILE_DIR_PATH}/Podfile.lock\" \"${PODS_ROOT}/Manifest.lock\" > /dev/null\nif [ $? != 0 ] ; then\n    # print error to STDERR\n    echo \"error: The sandbox is not in sync with the Podfile.lock. Run 'pod install' or update your CocoaPods installation.\" >&2\n    exit 1\nfi\n# This output is used by Xcode 'outputs' to avoid re-running this script phase.\necho \"SUCCESS\" > \"${SCRIPT_OUTPUT_FILE_0}\"\n";
			showEnvVarsInLog = 0;
		};
		CE1ABCF2E7C4CFC53CE51B98 /* [CP] Check Pods Manifest.lock */ = {
			isa = PBXShellScriptBuildPhase;
			buildActionMask = 2147483647;
			files = (
			);
			inputFileListPaths = (
			);
			inputPaths = (
				"${PODS_PODFILE_DIR_PATH}/Podfile.lock",
				"${PODS_ROOT}/Manifest.lock",
			);
			name = "[CP] Check Pods Manifest.lock";
			outputFileListPaths = (
			);
			outputPaths = (
				"$(DERIVED_FILE_DIR)/Pods-FoodieaTests-checkManifestLockResult.txt",
			);
			runOnlyForDeploymentPostprocessing = 0;
			shellPath = /bin/sh;
			shellScript = "diff \"${PODS_PODFILE_DIR_PATH}/Podfile.lock\" \"${PODS_ROOT}/Manifest.lock\" > /dev/null\nif [ $? != 0 ] ; then\n    # print error to STDERR\n    echo \"error: The sandbox is not in sync with the Podfile.lock. Run 'pod install' or update your CocoaPods installation.\" >&2\n    exit 1\nfi\n# This output is used by Xcode 'outputs' to avoid re-running this script phase.\necho \"SUCCESS\" > \"${SCRIPT_OUTPUT_FILE_0}\"\n";
			showEnvVarsInLog = 0;
		};
		E3CDD58A6B7A3291CCAA6054 /* [CP] Embed Pods Frameworks */ = {
			isa = PBXShellScriptBuildPhase;
			buildActionMask = 2147483647;
			files = (
			);
			inputFileListPaths = (
				"${PODS_ROOT}/Target Support Files/Pods-Foodiea/Pods-Foodiea-frameworks-${CONFIGURATION}-input-files.xcfilelist",
			);
			name = "[CP] Embed Pods Frameworks";
			outputFileListPaths = (
				"${PODS_ROOT}/Target Support Files/Pods-Foodiea/Pods-Foodiea-frameworks-${CONFIGURATION}-output-files.xcfilelist",
			);
			runOnlyForDeploymentPostprocessing = 0;
			shellPath = /bin/sh;
			shellScript = "\"${PODS_ROOT}/Target Support Files/Pods-Foodiea/Pods-Foodiea-frameworks.sh\"\n";
			showEnvVarsInLog = 0;
		};
/* End PBXShellScriptBuildPhase section */

/* Begin PBXSourcesBuildPhase section */
		833B1A5C2874F3AC004E9D0C /* Sources */ = {
			isa = PBXSourcesBuildPhase;
			buildActionMask = 2147483647;
			files = (
				833B1A6B2874F3AC004E9D0C /* ViewController.m in Sources */,
				83F55717287750BE003D4502 /* ProfileCell.m in Sources */,
				833B1AA4287505FA004E9D0C /* HomeFeedViewController.m in Sources */,
				83F55714287651E3003D4502 /* HomeCell.m in Sources */,
				833B1A652874F3AC004E9D0C /* AppDelegate.m in Sources */,
				833B1AAF2875F5FB004E9D0C /* ComposeViewController.m in Sources */,
				833B1AAC28751438004E9D0C /* SettingsViewController.m in Sources */,
				83F55710287646E9003D4502 /* Post.m in Sources */,
				833B1A762874F3AD004E9D0C /* main.m in Sources */,
				83EEF6392878D317006DAA80 /* APIManager.m in Sources */,
				83EEF642287C9473006DAA80 /* DetailMapViewController.m in Sources */,
				833B1AA728750FD0004E9D0C /* ProfileViewController.m in Sources */,
				833B1A682874F3AC004E9D0C /* SceneDelegate.m in Sources */,
				833B1AA12875037E004E9D0C /* LoginViewController.m in Sources */,
			);
			runOnlyForDeploymentPostprocessing = 0;
		};
		833B1A772874F3AE004E9D0C /* Sources */ = {
			isa = PBXSourcesBuildPhase;
			buildActionMask = 2147483647;
			files = (
				833B1A802874F3AE004E9D0C /* FoodieaTests.m in Sources */,
			);
			runOnlyForDeploymentPostprocessing = 0;
		};
		833B1A812874F3AE004E9D0C /* Sources */ = {
			isa = PBXSourcesBuildPhase;
			buildActionMask = 2147483647;
			files = (
				833B1A8C2874F3AE004E9D0C /* FoodieaUITestsLaunchTests.m in Sources */,
				833B1A8A2874F3AE004E9D0C /* FoodieaUITests.m in Sources */,
			);
			runOnlyForDeploymentPostprocessing = 0;
		};
/* End PBXSourcesBuildPhase section */

/* Begin PBXTargetDependency section */
		833B1A7D2874F3AE004E9D0C /* PBXTargetDependency */ = {
			isa = PBXTargetDependency;
			target = 833B1A5F2874F3AC004E9D0C /* Foodiea */;
			targetProxy = 833B1A7C2874F3AE004E9D0C /* PBXContainerItemProxy */;
		};
		833B1A872874F3AE004E9D0C /* PBXTargetDependency */ = {
			isa = PBXTargetDependency;
			target = 833B1A5F2874F3AC004E9D0C /* Foodiea */;
			targetProxy = 833B1A862874F3AE004E9D0C /* PBXContainerItemProxy */;
		};
/* End PBXTargetDependency section */

/* Begin PBXVariantGroup section */
		833B1A6C2874F3AC004E9D0C /* Main.storyboard */ = {
			isa = PBXVariantGroup;
			children = (
				833B1A6D2874F3AC004E9D0C /* Base */,
			);
			name = Main.storyboard;
			sourceTree = "<group>";
		};
		833B1A712874F3AD004E9D0C /* LaunchScreen.storyboard */ = {
			isa = PBXVariantGroup;
			children = (
				833B1A722874F3AD004E9D0C /* Base */,
			);
			name = LaunchScreen.storyboard;
			sourceTree = "<group>";
		};
/* End PBXVariantGroup section */

/* Begin XCBuildConfiguration section */
		833B1A8D2874F3AE004E9D0C /* Debug */ = {
			isa = XCBuildConfiguration;
			buildSettings = {
				ALWAYS_SEARCH_USER_PATHS = NO;
				CLANG_ANALYZER_NONNULL = YES;
				CLANG_ANALYZER_NUMBER_OBJECT_CONVERSION = YES_AGGRESSIVE;
				CLANG_CXX_LANGUAGE_STANDARD = "gnu++17";
				CLANG_ENABLE_MODULES = YES;
				CLANG_ENABLE_OBJC_ARC = YES;
				CLANG_ENABLE_OBJC_WEAK = YES;
				CLANG_WARN_BLOCK_CAPTURE_AUTORELEASING = YES;
				CLANG_WARN_BOOL_CONVERSION = YES;
				CLANG_WARN_COMMA = YES;
				CLANG_WARN_CONSTANT_CONVERSION = YES;
				CLANG_WARN_DEPRECATED_OBJC_IMPLEMENTATIONS = YES;
				CLANG_WARN_DIRECT_OBJC_ISA_USAGE = YES_ERROR;
				CLANG_WARN_DOCUMENTATION_COMMENTS = YES;
				CLANG_WARN_EMPTY_BODY = YES;
				CLANG_WARN_ENUM_CONVERSION = YES;
				CLANG_WARN_INFINITE_RECURSION = YES;
				CLANG_WARN_INT_CONVERSION = YES;
				CLANG_WARN_NON_LITERAL_NULL_CONVERSION = YES;
				CLANG_WARN_OBJC_IMPLICIT_RETAIN_SELF = YES;
				CLANG_WARN_OBJC_LITERAL_CONVERSION = YES;
				CLANG_WARN_OBJC_ROOT_CLASS = YES_ERROR;
				CLANG_WARN_QUOTED_INCLUDE_IN_FRAMEWORK_HEADER = YES;
				CLANG_WARN_RANGE_LOOP_ANALYSIS = YES;
				CLANG_WARN_STRICT_PROTOTYPES = YES;
				CLANG_WARN_SUSPICIOUS_MOVE = YES;
				CLANG_WARN_UNGUARDED_AVAILABILITY = YES_AGGRESSIVE;
				CLANG_WARN_UNREACHABLE_CODE = YES;
				CLANG_WARN__DUPLICATE_METHOD_MATCH = YES;
				COPY_PHASE_STRIP = NO;
				DEBUG_INFORMATION_FORMAT = dwarf;
				ENABLE_STRICT_OBJC_MSGSEND = YES;
				ENABLE_TESTABILITY = YES;
				GCC_C_LANGUAGE_STANDARD = gnu11;
				GCC_DYNAMIC_NO_PIC = NO;
				GCC_NO_COMMON_BLOCKS = YES;
				GCC_OPTIMIZATION_LEVEL = 0;
				GCC_PREPROCESSOR_DEFINITIONS = (
					"DEBUG=1",
					"$(inherited)",
				);
				GCC_WARN_64_TO_32_BIT_CONVERSION = YES;
				GCC_WARN_ABOUT_RETURN_TYPE = YES_ERROR;
				GCC_WARN_UNDECLARED_SELECTOR = YES;
				GCC_WARN_UNINITIALIZED_AUTOS = YES_AGGRESSIVE;
				GCC_WARN_UNUSED_FUNCTION = YES;
				GCC_WARN_UNUSED_VARIABLE = YES;
				IPHONEOS_DEPLOYMENT_TARGET = 15.5;
				MTL_ENABLE_DEBUG_INFO = INCLUDE_SOURCE;
				MTL_FAST_MATH = YES;
				ONLY_ACTIVE_ARCH = YES;
				SDKROOT = iphoneos;
			};
			name = Debug;
		};
		833B1A8E2874F3AE004E9D0C /* Release */ = {
			isa = XCBuildConfiguration;
			buildSettings = {
				ALWAYS_SEARCH_USER_PATHS = NO;
				CLANG_ANALYZER_NONNULL = YES;
				CLANG_ANALYZER_NUMBER_OBJECT_CONVERSION = YES_AGGRESSIVE;
				CLANG_CXX_LANGUAGE_STANDARD = "gnu++17";
				CLANG_ENABLE_MODULES = YES;
				CLANG_ENABLE_OBJC_ARC = YES;
				CLANG_ENABLE_OBJC_WEAK = YES;
				CLANG_WARN_BLOCK_CAPTURE_AUTORELEASING = YES;
				CLANG_WARN_BOOL_CONVERSION = YES;
				CLANG_WARN_COMMA = YES;
				CLANG_WARN_CONSTANT_CONVERSION = YES;
				CLANG_WARN_DEPRECATED_OBJC_IMPLEMENTATIONS = YES;
				CLANG_WARN_DIRECT_OBJC_ISA_USAGE = YES_ERROR;
				CLANG_WARN_DOCUMENTATION_COMMENTS = YES;
				CLANG_WARN_EMPTY_BODY = YES;
				CLANG_WARN_ENUM_CONVERSION = YES;
				CLANG_WARN_INFINITE_RECURSION = YES;
				CLANG_WARN_INT_CONVERSION = YES;
				CLANG_WARN_NON_LITERAL_NULL_CONVERSION = YES;
				CLANG_WARN_OBJC_IMPLICIT_RETAIN_SELF = YES;
				CLANG_WARN_OBJC_LITERAL_CONVERSION = YES;
				CLANG_WARN_OBJC_ROOT_CLASS = YES_ERROR;
				CLANG_WARN_QUOTED_INCLUDE_IN_FRAMEWORK_HEADER = YES;
				CLANG_WARN_RANGE_LOOP_ANALYSIS = YES;
				CLANG_WARN_STRICT_PROTOTYPES = YES;
				CLANG_WARN_SUSPICIOUS_MOVE = YES;
				CLANG_WARN_UNGUARDED_AVAILABILITY = YES_AGGRESSIVE;
				CLANG_WARN_UNREACHABLE_CODE = YES;
				CLANG_WARN__DUPLICATE_METHOD_MATCH = YES;
				COPY_PHASE_STRIP = NO;
				DEBUG_INFORMATION_FORMAT = "dwarf-with-dsym";
				ENABLE_NS_ASSERTIONS = NO;
				ENABLE_STRICT_OBJC_MSGSEND = YES;
				GCC_C_LANGUAGE_STANDARD = gnu11;
				GCC_NO_COMMON_BLOCKS = YES;
				GCC_WARN_64_TO_32_BIT_CONVERSION = YES;
				GCC_WARN_ABOUT_RETURN_TYPE = YES_ERROR;
				GCC_WARN_UNDECLARED_SELECTOR = YES;
				GCC_WARN_UNINITIALIZED_AUTOS = YES_AGGRESSIVE;
				GCC_WARN_UNUSED_FUNCTION = YES;
				GCC_WARN_UNUSED_VARIABLE = YES;
				IPHONEOS_DEPLOYMENT_TARGET = 15.5;
				MTL_ENABLE_DEBUG_INFO = NO;
				MTL_FAST_MATH = YES;
				SDKROOT = iphoneos;
				VALIDATE_PRODUCT = YES;
			};
			name = Release;
		};
		833B1A902874F3AE004E9D0C /* Debug */ = {
			isa = XCBuildConfiguration;
			baseConfigurationReference = A2B6122273843222BED852B6 /* Pods-Foodiea.debug.xcconfig */;
			buildSettings = {
				ASSETCATALOG_COMPILER_APPICON_NAME = AppIcon;
				ASSETCATALOG_COMPILER_GLOBAL_ACCENT_COLOR_NAME = AccentColor;
				CODE_SIGN_STYLE = Automatic;
				CURRENT_PROJECT_VERSION = 1;
				DEVELOPMENT_TEAM = 9PMPF826L8;
				GENERATE_INFOPLIST_FILE = YES;
				INFOPLIST_FILE = Foodiea/Info.plist;
				INFOPLIST_KEY_UIApplicationSupportsIndirectInputEvents = YES;
				INFOPLIST_KEY_UILaunchStoryboardName = LaunchScreen;
				INFOPLIST_KEY_UIMainStoryboardFile = Main;
				INFOPLIST_KEY_UISupportedInterfaceOrientations_iPad = "UIInterfaceOrientationPortrait UIInterfaceOrientationPortraitUpsideDown UIInterfaceOrientationLandscapeLeft UIInterfaceOrientationLandscapeRight";
				INFOPLIST_KEY_UISupportedInterfaceOrientations_iPhone = "UIInterfaceOrientationPortrait UIInterfaceOrientationLandscapeLeft UIInterfaceOrientationLandscapeRight";
				LD_RUNPATH_SEARCH_PATHS = (
					"$(inherited)",
					"@executable_path/Frameworks",
				);
				MARKETING_VERSION = 1.0;
				PRODUCT_BUNDLE_IDENTIFIER = com.laurajankowski.Foodiea;
				PRODUCT_NAME = "$(TARGET_NAME)";
				SWIFT_EMIT_LOC_STRINGS = YES;
				TARGETED_DEVICE_FAMILY = "1,2";
			};
			name = Debug;
		};
		833B1A912874F3AE004E9D0C /* Release */ = {
			isa = XCBuildConfiguration;
			baseConfigurationReference = F70655A225379F27EDC5EAF2 /* Pods-Foodiea.release.xcconfig */;
			buildSettings = {
				ASSETCATALOG_COMPILER_APPICON_NAME = AppIcon;
				ASSETCATALOG_COMPILER_GLOBAL_ACCENT_COLOR_NAME = AccentColor;
				CODE_SIGN_STYLE = Automatic;
				CURRENT_PROJECT_VERSION = 1;
				DEVELOPMENT_TEAM = 9PMPF826L8;
				GENERATE_INFOPLIST_FILE = YES;
				INFOPLIST_FILE = Foodiea/Info.plist;
				INFOPLIST_KEY_UIApplicationSupportsIndirectInputEvents = YES;
				INFOPLIST_KEY_UILaunchStoryboardName = LaunchScreen;
				INFOPLIST_KEY_UIMainStoryboardFile = Main;
				INFOPLIST_KEY_UISupportedInterfaceOrientations_iPad = "UIInterfaceOrientationPortrait UIInterfaceOrientationPortraitUpsideDown UIInterfaceOrientationLandscapeLeft UIInterfaceOrientationLandscapeRight";
				INFOPLIST_KEY_UISupportedInterfaceOrientations_iPhone = "UIInterfaceOrientationPortrait UIInterfaceOrientationLandscapeLeft UIInterfaceOrientationLandscapeRight";
				LD_RUNPATH_SEARCH_PATHS = (
					"$(inherited)",
					"@executable_path/Frameworks",
				);
				MARKETING_VERSION = 1.0;
				PRODUCT_BUNDLE_IDENTIFIER = com.laurajankowski.Foodiea;
				PRODUCT_NAME = "$(TARGET_NAME)";
				SWIFT_EMIT_LOC_STRINGS = YES;
				TARGETED_DEVICE_FAMILY = "1,2";
			};
			name = Release;
		};
		833B1A932874F3AE004E9D0C /* Debug */ = {
			isa = XCBuildConfiguration;
			baseConfigurationReference = 1DE780AFA328891EAE12D38D /* Pods-FoodieaTests.debug.xcconfig */;
			buildSettings = {
				BUNDLE_LOADER = "$(TEST_HOST)";
				CODE_SIGN_STYLE = Automatic;
				CURRENT_PROJECT_VERSION = 1;
				DEVELOPMENT_TEAM = 9PMPF826L8;
				GENERATE_INFOPLIST_FILE = YES;
				IPHONEOS_DEPLOYMENT_TARGET = 15.5;
				MARKETING_VERSION = 1.0;
				PRODUCT_BUNDLE_IDENTIFIER = com.laurajankowski.FoodieaTests;
				PRODUCT_NAME = "$(TARGET_NAME)";
				SWIFT_EMIT_LOC_STRINGS = NO;
				TARGETED_DEVICE_FAMILY = "1,2";
				TEST_HOST = "$(BUILT_PRODUCTS_DIR)/Foodiea.app/Foodiea";
			};
			name = Debug;
		};
		833B1A942874F3AE004E9D0C /* Release */ = {
			isa = XCBuildConfiguration;
			baseConfigurationReference = 3333358C93A3B3307FCDC053 /* Pods-FoodieaTests.release.xcconfig */;
			buildSettings = {
				BUNDLE_LOADER = "$(TEST_HOST)";
				CODE_SIGN_STYLE = Automatic;
				CURRENT_PROJECT_VERSION = 1;
				DEVELOPMENT_TEAM = 9PMPF826L8;
				GENERATE_INFOPLIST_FILE = YES;
				IPHONEOS_DEPLOYMENT_TARGET = 15.5;
				MARKETING_VERSION = 1.0;
				PRODUCT_BUNDLE_IDENTIFIER = com.laurajankowski.FoodieaTests;
				PRODUCT_NAME = "$(TARGET_NAME)";
				SWIFT_EMIT_LOC_STRINGS = NO;
				TARGETED_DEVICE_FAMILY = "1,2";
				TEST_HOST = "$(BUILT_PRODUCTS_DIR)/Foodiea.app/Foodiea";
			};
			name = Release;
		};
		833B1A962874F3AE004E9D0C /* Debug */ = {
			isa = XCBuildConfiguration;
			baseConfigurationReference = 5646AF58FDF83E7A83597CC2 /* Pods-Foodiea-FoodieaUITests.debug.xcconfig */;
			buildSettings = {
				CODE_SIGN_STYLE = Automatic;
				CURRENT_PROJECT_VERSION = 1;
				DEVELOPMENT_TEAM = 9PMPF826L8;
				GENERATE_INFOPLIST_FILE = YES;
				MARKETING_VERSION = 1.0;
				PRODUCT_BUNDLE_IDENTIFIER = com.laurajankowski.FoodieaUITests;
				PRODUCT_NAME = "$(TARGET_NAME)";
				SWIFT_EMIT_LOC_STRINGS = NO;
				TARGETED_DEVICE_FAMILY = "1,2";
				TEST_TARGET_NAME = Foodiea;
			};
			name = Debug;
		};
		833B1A972874F3AE004E9D0C /* Release */ = {
			isa = XCBuildConfiguration;
			baseConfigurationReference = 99554834C50534FAE4D81652 /* Pods-Foodiea-FoodieaUITests.release.xcconfig */;
			buildSettings = {
				CODE_SIGN_STYLE = Automatic;
				CURRENT_PROJECT_VERSION = 1;
				DEVELOPMENT_TEAM = 9PMPF826L8;
				GENERATE_INFOPLIST_FILE = YES;
				MARKETING_VERSION = 1.0;
				PRODUCT_BUNDLE_IDENTIFIER = com.laurajankowski.FoodieaUITests;
				PRODUCT_NAME = "$(TARGET_NAME)";
				SWIFT_EMIT_LOC_STRINGS = NO;
				TARGETED_DEVICE_FAMILY = "1,2";
				TEST_TARGET_NAME = Foodiea;
			};
			name = Release;
		};
/* End XCBuildConfiguration section */

/* Begin XCConfigurationList section */
		833B1A5B2874F3AC004E9D0C /* Build configuration list for PBXProject "Foodiea" */ = {
			isa = XCConfigurationList;
			buildConfigurations = (
				833B1A8D2874F3AE004E9D0C /* Debug */,
				833B1A8E2874F3AE004E9D0C /* Release */,
			);
			defaultConfigurationIsVisible = 0;
			defaultConfigurationName = Release;
		};
		833B1A8F2874F3AE004E9D0C /* Build configuration list for PBXNativeTarget "Foodiea" */ = {
			isa = XCConfigurationList;
			buildConfigurations = (
				833B1A902874F3AE004E9D0C /* Debug */,
				833B1A912874F3AE004E9D0C /* Release */,
			);
			defaultConfigurationIsVisible = 0;
			defaultConfigurationName = Release;
		};
		833B1A922874F3AE004E9D0C /* Build configuration list for PBXNativeTarget "FoodieaTests" */ = {
			isa = XCConfigurationList;
			buildConfigurations = (
				833B1A932874F3AE004E9D0C /* Debug */,
				833B1A942874F3AE004E9D0C /* Release */,
			);
			defaultConfigurationIsVisible = 0;
			defaultConfigurationName = Release;
		};
		833B1A952874F3AE004E9D0C /* Build configuration list for PBXNativeTarget "FoodieaUITests" */ = {
			isa = XCConfigurationList;
			buildConfigurations = (
				833B1A962874F3AE004E9D0C /* Debug */,
				833B1A972874F3AE004E9D0C /* Release */,
			);
			defaultConfigurationIsVisible = 0;
			defaultConfigurationName = Release;
		};
/* End XCConfigurationList section */
	};
	rootObject = 833B1A582874F3AC004E9D0C /* Project object */;
}
